// !$*UTF8*$!
{
	archiveVersion = 1;
	classes = {
	};
	objectVersion = 46;
	objects = {

/* Begin PBXBuildFile section */
		4F7543DB1EAEB36D00206533 /* AppDelegate.swift in Sources */ = {isa = PBXBuildFile; fileRef = 4F7543DA1EAEB36D00206533 /* AppDelegate.swift */; };
		4F7543DD1EAEB36D00206533 /* ViewController.swift in Sources */ = {isa = PBXBuildFile; fileRef = 4F7543DC1EAEB36D00206533 /* ViewController.swift */; };
		4F7543E01EAEB36D00206533 /* Main.storyboard in Resources */ = {isa = PBXBuildFile; fileRef = 4F7543DE1EAEB36D00206533 /* Main.storyboard */; };
		4F7543E21EAEB36D00206533 /* Assets.xcassets in Resources */ = {isa = PBXBuildFile; fileRef = 4F7543E11EAEB36D00206533 /* Assets.xcassets */; };
		4F7543E51EAEB36D00206533 /* LaunchScreen.storyboard in Resources */ = {isa = PBXBuildFile; fileRef = 4F7543E31EAEB36D00206533 /* LaunchScreen.storyboard */; };
		4F77736A1EAEED3600540AB4 /* WorkshopViewController.swift in Sources */ = {isa = PBXBuildFile; fileRef = 4F7773691EAEED3600540AB4 /* WorkshopViewController.swift */; };
		4F77736C1EAEED3F00540AB4 /* FinalViewController.swift in Sources */ = {isa = PBXBuildFile; fileRef = 4F77736B1EAEED3F00540AB4 /* FinalViewController.swift */; };
		4F77736E1EAEED4700540AB4 /* ChainingViewController.swift in Sources */ = {isa = PBXBuildFile; fileRef = 4F77736D1EAEED4700540AB4 /* ChainingViewController.swift */; };
		F3EDD0F6EC4070184A27D36B /* Pods_Animator.framework in Frameworks */ = {isa = PBXBuildFile; fileRef = 4C069013E66BC25F1CCCA6A5 /* Pods_Animator.framework */; };
/* End PBXBuildFile section */

/* Begin PBXFileReference section */
		4C069013E66BC25F1CCCA6A5 /* Pods_Animator.framework */ = {isa = PBXFileReference; explicitFileType = wrapper.framework; includeInIndex = 0; path = Pods_Animator.framework; sourceTree = BUILT_PRODUCTS_DIR; };
		4F7543D71EAEB36D00206533 /* Animator.app */ = {isa = PBXFileReference; explicitFileType = wrapper.application; includeInIndex = 0; path = Animator.app; sourceTree = BUILT_PRODUCTS_DIR; };
		4F7543DA1EAEB36D00206533 /* AppDelegate.swift */ = {isa = PBXFileReference; lastKnownFileType = sourcecode.swift; path = AppDelegate.swift; sourceTree = "<group>"; };
		4F7543DC1EAEB36D00206533 /* ViewController.swift */ = {isa = PBXFileReference; lastKnownFileType = sourcecode.swift; path = ViewController.swift; sourceTree = "<group>"; };
		4F7543DF1EAEB36D00206533 /* Base */ = {isa = PBXFileReference; lastKnownFileType = file.storyboard; name = Base; path = Base.lproj/Main.storyboard; sourceTree = "<group>"; };
		4F7543E11EAEB36D00206533 /* Assets.xcassets */ = {isa = PBXFileReference; lastKnownFileType = folder.assetcatalog; path = Assets.xcassets; sourceTree = "<group>"; };
		4F7543E41EAEB36D00206533 /* Base */ = {isa = PBXFileReference; lastKnownFileType = file.storyboard; name = Base; path = Base.lproj/LaunchScreen.storyboard; sourceTree = "<group>"; };
		4F7543E61EAEB36D00206533 /* Info.plist */ = {isa = PBXFileReference; lastKnownFileType = text.plist.xml; path = Info.plist; sourceTree = "<group>"; };
		4F7773691EAEED3600540AB4 /* WorkshopViewController.swift */ = {isa = PBXFileReference; fileEncoding = 4; lastKnownFileType = sourcecode.swift; path = WorkshopViewController.swift; sourceTree = "<group>"; };
		4F77736B1EAEED3F00540AB4 /* FinalViewController.swift */ = {isa = PBXFileReference; fileEncoding = 4; lastKnownFileType = sourcecode.swift; path = FinalViewController.swift; sourceTree = "<group>"; };
		4F77736D1EAEED4700540AB4 /* ChainingViewController.swift */ = {isa = PBXFileReference; fileEncoding = 4; lastKnownFileType = sourcecode.swift; path = ChainingViewController.swift; sourceTree = "<group>"; };
		C17D44ED81B6BCCE6F446D14 /* Pods-Animator.release.xcconfig */ = {isa = PBXFileReference; includeInIndex = 1; lastKnownFileType = text.xcconfig; name = "Pods-Animator.release.xcconfig"; path = "Pods/Target Support Files/Pods-Animator/Pods-Animator.release.xcconfig"; sourceTree = "<group>"; };
		CB4DBE3FD0B91B45B6F8E5A5 /* Pods-Animator.debug.xcconfig */ = {isa = PBXFileReference; includeInIndex = 1; lastKnownFileType = text.xcconfig; name = "Pods-Animator.debug.xcconfig"; path = "Pods/Target Support Files/Pods-Animator/Pods-Animator.debug.xcconfig"; sourceTree = "<group>"; };
/* End PBXFileReference section */

/* Begin PBXFrameworksBuildPhase section */
		4F7543D41EAEB36D00206533 /* Frameworks */ = {
			isa = PBXFrameworksBuildPhase;
			buildActionMask = 2147483647;
			files = (
				F3EDD0F6EC4070184A27D36B /* Pods_Animator.framework in Frameworks */,
			);
			runOnlyForDeploymentPostprocessing = 0;
		};
/* End PBXFrameworksBuildPhase section */

/* Begin PBXGroup section */
		10256F8BBD45C769800EF7B7 /* Frameworks */ = {
			isa = PBXGroup;
			children = (
				4C069013E66BC25F1CCCA6A5 /* Pods_Animator.framework */,
			);
			name = Frameworks;
			sourceTree = "<group>";
		};
		4F7543CE1EAEB36D00206533 = {
			isa = PBXGroup;
			children = (
				4F7543D91EAEB36D00206533 /* Animator */,
				4F7543D81EAEB36D00206533 /* Products */,
				DF55EE6BE81DC9208EA0046C /* Pods */,
				10256F8BBD45C769800EF7B7 /* Frameworks */,
			);
			sourceTree = "<group>";
		};
		4F7543D81EAEB36D00206533 /* Products */ = {
			isa = PBXGroup;
			children = (
				4F7543D71EAEB36D00206533 /* Animator.app */,
			);
			name = Products;
			sourceTree = "<group>";
		};
		4F7543D91EAEB36D00206533 /* Animator */ = {
			isa = PBXGroup;
			children = (
				4F7773661EAEE0F400540AB4 /* View */,
				4F7773671EAEE10B00540AB4 /* Controller */,
				4F7773681EAEEA6C00540AB4 /* Resources */,
			);
			path = Animator;
			sourceTree = "<group>";
		};
		4F7773661EAEE0F400540AB4 /* View */ = {
			isa = PBXGroup;
			children = (
				4F7543E31EAEB36D00206533 /* LaunchScreen.storyboard */,
				4F7543DE1EAEB36D00206533 /* Main.storyboard */,
			);
			name = View;
			sourceTree = "<group>";
		};
		4F7773671EAEE10B00540AB4 /* Controller */ = {
			isa = PBXGroup;
			children = (
				4F7543DA1EAEB36D00206533 /* AppDelegate.swift */,
				4F7543DC1EAEB36D00206533 /* ViewController.swift */,
				4F7773691EAEED3600540AB4 /* WorkshopViewController.swift */,
				4F77736B1EAEED3F00540AB4 /* FinalViewController.swift */,
				4F77736D1EAEED4700540AB4 /* ChainingViewController.swift */,
			);
			name = Controller;
			sourceTree = "<group>";
		};
		4F7773681EAEEA6C00540AB4 /* Resources */ = {
			isa = PBXGroup;
			children = (
				4F7543E11EAEB36D00206533 /* Assets.xcassets */,
				4F7543E61EAEB36D00206533 /* Info.plist */,
			);
			name = Resources;
			sourceTree = "<group>";
		};
		DF55EE6BE81DC9208EA0046C /* Pods */ = {
			isa = PBXGroup;
			children = (
				CB4DBE3FD0B91B45B6F8E5A5 /* Pods-Animator.debug.xcconfig */,
				C17D44ED81B6BCCE6F446D14 /* Pods-Animator.release.xcconfig */,
			);
			name = Pods;
			sourceTree = "<group>";
		};
/* End PBXGroup section */

/* Begin PBXNativeTarget section */
		4F7543D61EAEB36D00206533 /* Animator */ = {
			isa = PBXNativeTarget;
			buildConfigurationList = 4F7543E91EAEB36D00206533 /* Build configuration list for PBXNativeTarget "Animator" */;
			buildPhases = (
				AFA9472B07F4D0A592762E92 /* [CP] Check Pods Manifest.lock */,
				4F7543D31EAEB36D00206533 /* Sources */,
				4F7543D41EAEB36D00206533 /* Frameworks */,
				4F7543D51EAEB36D00206533 /* Resources */,
				23539B49D41D816B819A0CCB /* [CP] Embed Pods Frameworks */,
				0FC1A3DA3B25AADBB3DCEC20 /* [CP] Copy Pods Resources */,
			);
			buildRules = (
			);
			dependencies = (
			);
			name = Animator;
			productName = Animator;
			productReference = 4F7543D71EAEB36D00206533 /* Animator.app */;
			productType = "com.apple.product-type.application";
		};
/* End PBXNativeTarget section */

/* Begin PBXProject section */
		4F7543CF1EAEB36D00206533 /* Project object */ = {
			isa = PBXProject;
			attributes = {
				LastSwiftUpdateCheck = 0830;
				LastUpgradeCheck = 0830;
				ORGANIZATIONNAME = Touchtap;
				TargetAttributes = {
					4F7543D61EAEB36D00206533 = {
						CreatedOnToolsVersion = 8.3.2;
						DevelopmentTeam = K3SQ89N9KZ;
						ProvisioningStyle = Automatic;
					};
				};
			};
			buildConfigurationList = 4F7543D21EAEB36D00206533 /* Build configuration list for PBXProject "Animator" */;
			compatibilityVersion = "Xcode 3.2";
			developmentRegion = English;
			hasScannedForEncodings = 0;
			knownRegions = (
				en,
				Base,
			);
			mainGroup = 4F7543CE1EAEB36D00206533;
			productRefGroup = 4F7543D81EAEB36D00206533 /* Products */;
			projectDirPath = "";
			projectRoot = "";
			targets = (
				4F7543D61EAEB36D00206533 /* Animator */,
			);
		};
/* End PBXProject section */

/* Begin PBXResourcesBuildPhase section */
		4F7543D51EAEB36D00206533 /* Resources */ = {
			isa = PBXResourcesBuildPhase;
			buildActionMask = 2147483647;
			files = (
				4F7543E51EAEB36D00206533 /* LaunchScreen.storyboard in Resources */,
				4F7543E21EAEB36D00206533 /* Assets.xcassets in Resources */,
				4F7543E01EAEB36D00206533 /* Main.storyboard in Resources */,
			);
			runOnlyForDeploymentPostprocessing = 0;
		};
/* End PBXResourcesBuildPhase section */

/* Begin PBXShellScriptBuildPhase section */
		0FC1A3DA3B25AADBB3DCEC20 /* [CP] Copy Pods Resources */ = {
			isa = PBXShellScriptBuildPhase;
			buildActionMask = 2147483647;
			files = (
			);
			inputPaths = (
			);
			name = "[CP] Copy Pods Resources";
			outputPaths = (
			);
			runOnlyForDeploymentPostprocessing = 0;
			shellPath = /bin/sh;
			shellScript = "\"${SRCROOT}/Pods/Target Support Files/Pods-Animator/Pods-Animator-resources.sh\"\n";
			showEnvVarsInLog = 0;
		};
		23539B49D41D816B819A0CCB /* [CP] Embed Pods Frameworks */ = {
			isa = PBXShellScriptBuildPhase;
			buildActionMask = 2147483647;
			files = (
			);
			inputPaths = (
			);
			name = "[CP] Embed Pods Frameworks";
			outputPaths = (
			);
			runOnlyForDeploymentPostprocessing = 0;
			shellPath = /bin/sh;
			shellScript = "\"${SRCROOT}/Pods/Target Support Files/Pods-Animator/Pods-Animator-frameworks.sh\"\n";
			showEnvVarsInLog = 0;
		};
		AFA9472B07F4D0A592762E92 /* [CP] Check Pods Manifest.lock */ = {
			isa = PBXShellScriptBuildPhase;
			buildActionMask = 2147483647;
			files = (
			);
			inputPaths = (
			);
			name = "[CP] Check Pods Manifest.lock";
			outputPaths = (
			);
			runOnlyForDeploymentPostprocessing = 0;
			shellPath = /bin/sh;
			shellScript = "diff \"${PODS_ROOT}/../Podfile.lock\" \"${PODS_ROOT}/Manifest.lock\" > /dev/null\nif [ $? != 0 ] ; then\n    # print error to STDERR\n    echo \"error: The sandbox is not in sync with the Podfile.lock. Run 'pod install' or update your CocoaPods installation.\" >&2\n    exit 1\nfi\n";
			showEnvVarsInLog = 0;
		};
/* End PBXShellScriptBuildPhase section */

/* Begin PBXSourcesBuildPhase section */
		4F7543D31EAEB36D00206533 /* Sources */ = {
			isa = PBXSourcesBuildPhase;
			buildActionMask = 2147483647;
			files = (
				4F7543DD1EAEB36D00206533 /* ViewController.swift in Sources */,
				4F77736C1EAEED3F00540AB4 /* FinalViewController.swift in Sources */,
				4F77736E1EAEED4700540AB4 /* ChainingViewController.swift in Sources */,
				4F77736A1EAEED3600540AB4 /* WorkshopViewController.swift in Sources */,
				4F7543DB1EAEB36D00206533 /* AppDelegate.swift in Sources */,
			);
			runOnlyForDeploymentPostprocessing = 0;
		};
/* End PBXSourcesBuildPhase section */

/* Begin PBXVariantGroup section */
		4F7543DE1EAEB36D00206533 /* Main.storyboard */ = {
			isa = PBXVariantGroup;
			children = (
				4F7543DF1EAEB36D00206533 /* Base */,
			);
			name = Main.storyboard;
			sourceTree = "<group>";
		};
		4F7543E31EAEB36D00206533 /* LaunchScreen.storyboard */ = {
			isa = PBXVariantGroup;
			children = (
				4F7543E41EAEB36D00206533 /* Base */,
			);
			name = LaunchScreen.storyboard;
			sourceTree = "<group>";
		};
/* End PBXVariantGroup section */

/* Begin XCBuildConfiguration section */
		4F7543E71EAEB36D00206533 /* Debug */ = {
			isa = XCBuildConfiguration;
			buildSettings = {
				ALWAYS_SEARCH_USER_PATHS = NO;
				CLANG_ANALYZER_NONNULL = YES;
				CLANG_ANALYZER_NUMBER_OBJECT_CONVERSION = YES_AGGRESSIVE;
				CLANG_CXX_LANGUAGE_STANDARD = "gnu++0x";
				CLANG_CXX_LIBRARY = "libc++";
				CLANG_ENABLE_MODULES = YES;
				CLANG_ENABLE_OBJC_ARC = YES;
				CLANG_WARN_BOOL_CONVERSION = YES;
				CLANG_WARN_CONSTANT_CONVERSION = YES;
				CLANG_WARN_DIRECT_OBJC_ISA_USAGE = YES_ERROR;
				CLANG_WARN_DOCUMENTATION_COMMENTS = YES;
				CLANG_WARN_EMPTY_BODY = YES;
				CLANG_WARN_ENUM_CONVERSION = YES;
				CLANG_WARN_INFINITE_RECURSION = YES;
				CLANG_WARN_INT_CONVERSION = YES;
				CLANG_WARN_OBJC_ROOT_CLASS = YES_ERROR;
				CLANG_WARN_SUSPICIOUS_MOVE = YES;
				CLANG_WARN_UNREACHABLE_CODE = YES;
				CLANG_WARN__DUPLICATE_METHOD_MATCH = YES;
				"CODE_SIGN_IDENTITY[sdk=iphoneos*]" = "iPhone Developer";
				COPY_PHASE_STRIP = NO;
				DEBUG_INFORMATION_FORMAT = dwarf;
				ENABLE_STRICT_OBJC_MSGSEND = YES;
				ENABLE_TESTABILITY = YES;
				GCC_C_LANGUAGE_STANDARD = gnu99;
				GCC_DYNAMIC_NO_PIC = NO;
				GCC_NO_COMMON_BLOCKS = YES;
				GCC_OPTIMIZATION_LEVEL = 0;
				GCC_PREPROCESSOR_DEFINITIONS = (
					"DEBUG=1",
					"$(inherited)",
				);
				GCC_WARN_64_TO_32_BIT_CONVERSION = YES;
				GCC_WARN_ABOUT_RETURN_TYPE = YES_ERROR;
				GCC_WARN_UNDECLARED_SELECTOR = YES;
				GCC_WARN_UNINITIALIZED_AUTOS = YES_AGGRESSIVE;
				GCC_WARN_UNUSED_FUNCTION = YES;
				GCC_WARN_UNUSED_VARIABLE = YES;
				IPHONEOS_DEPLOYMENT_TARGET = 10.3;
				MTL_ENABLE_DEBUG_INFO = YES;
				ONLY_ACTIVE_ARCH = YES;
				SDKROOT = iphoneos;
				SWIFT_ACTIVE_COMPILATION_CONDITIONS = DEBUG;
				SWIFT_OPTIMIZATION_LEVEL = "-Onone";
				TARGETED_DEVICE_FAMILY = "1,2";
			};
			name = Debug;
		};
		4F7543E81EAEB36D00206533 /* Release */ = {
			isa = XCBuildConfiguration;
			buildSettings = {
				ALWAYS_SEARCH_USER_PATHS = NO;
				CLANG_ANALYZER_NONNULL = YES;
				CLANG_ANALYZER_NUMBER_OBJECT_CONVERSION = YES_AGGRESSIVE;
				CLANG_CXX_LANGUAGE_STANDARD = "gnu++0x";
				CLANG_CXX_LIBRARY = "libc++";
				CLANG_ENABLE_MODULES = YES;
				CLANG_ENABLE_OBJC_ARC = YES;
				CLANG_WARN_BOOL_CONVERSION = YES;
				CLANG_WARN_CONSTANT_CONVERSION = YES;
				CLANG_WARN_DIRECT_OBJC_ISA_USAGE = YES_ERROR;
				CLANG_WARN_DOCUMENTATION_COMMENTS = YES;
				CLANG_WARN_EMPTY_BODY = YES;
				CLANG_WARN_ENUM_CONVERSION = YES;
				CLANG_WARN_INFINITE_RECURSION = YES;
				CLANG_WARN_INT_CONVERSION = YES;
				CLANG_WARN_OBJC_ROOT_CLASS = YES_ERROR;
				CLANG_WARN_SUSPICIOUS_MOVE = YES;
				CLANG_WARN_UNREACHABLE_CODE = YES;
				CLANG_WARN__DUPLICATE_METHOD_MATCH = YES;
				"CODE_SIGN_IDENTITY[sdk=iphoneos*]" = "iPhone Developer";
				COPY_PHASE_STRIP = NO;
				DEBUG_INFORMATION_FORMAT = "dwarf-with-dsym";
				ENABLE_NS_ASSERTIONS = NO;
				ENABLE_STRICT_OBJC_MSGSEND = YES;
				GCC_C_LANGUAGE_STANDARD = gnu99;
				GCC_NO_COMMON_BLOCKS = YES;
				GCC_WARN_64_TO_32_BIT_CONVERSION = YES;
				GCC_WARN_ABOUT_RETURN_TYPE = YES_ERROR;
				GCC_WARN_UNDECLARED_SELECTOR = YES;
				GCC_WARN_UNINITIALIZED_AUTOS = YES_AGGRESSIVE;
				GCC_WARN_UNUSED_FUNCTION = YES;
				GCC_WARN_UNUSED_VARIABLE = YES;
				IPHONEOS_DEPLOYMENT_TARGET = 10.3;
				MTL_ENABLE_DEBUG_INFO = NO;
				SDKROOT = iphoneos;
				SWIFT_OPTIMIZATION_LEVEL = "-Owholemodule";
				TARGETED_DEVICE_FAMILY = "1,2";
				VALIDATE_PRODUCT = YES;
			};
			name = Release;
		};
		4F7543EA1EAEB36D00206533 /* Debug */ = {
			isa = XCBuildConfiguration;
			baseConfigurationReference = CB4DBE3FD0B91B45B6F8E5A5 /* Pods-Animator.debug.xcconfig */;
			buildSettings = {
				ASSETCATALOG_COMPILER_APPICON_NAME = AppIcon;
				DEVELOPMENT_TEAM = K3SQ89N9KZ;
				INFOPLIST_FILE = Animator/Info.plist;
				LD_RUNPATH_SEARCH_PATHS = "$(inherited) @executable_path/Frameworks";
				PRODUCT_BUNDLE_IDENTIFIER = com.touchtap.Animator;
				PRODUCT_NAME = "$(TARGET_NAME)";
				SWIFT_VERSION = 3.0;
			};
			name = Debug;
		};
		4F7543EB1EAEB36D00206533 /* Release */ = {
			isa = XCBuildConfiguration;
			baseConfigurationReference = C17D44ED81B6BCCE6F446D14 /* Pods-Animator.release.xcconfig */;
			buildSettings = {
				ASSETCATALOG_COMPILER_APPICON_NAME = AppIcon;
				DEVELOPMENT_TEAM = K3SQ89N9KZ;
				INFOPLIST_FILE = Animator/Info.plist;
				LD_RUNPATH_SEARCH_PATHS = "$(inherited) @executable_path/Frameworks";
				PRODUCT_BUNDLE_IDENTIFIER = com.touchtap.Animator;
				PRODUCT_NAME = "$(TARGET_NAME)";
				SWIFT_VERSION = 3.0;
			};
			name = Release;
		};
/* End XCBuildConfiguration section */

/* Begin XCConfigurationList section */
		4F7543D21EAEB36D00206533 /* Build configuration list for PBXProject "Animator" */ = {
			isa = XCConfigurationList;
			buildConfigurations = (
				4F7543E71EAEB36D00206533 /* Debug */,
				4F7543E81EAEB36D00206533 /* Release */,
			);
			defaultConfigurationIsVisible = 0;
			defaultConfigurationName = Release;
		};
		4F7543E91EAEB36D00206533 /* Build configuration list for PBXNativeTarget "Animator" */ = {
			isa = XCConfigurationList;
			buildConfigurations = (
				4F7543EA1EAEB36D00206533 /* Debug */,
				4F7543EB1EAEB36D00206533 /* Release */,
			);
			defaultConfigurationIsVisible = 0;
			defaultConfigurationName = Release;
		};
/* End XCConfigurationList section */
	};
	rootObject = 4F7543CF1EAEB36D00206533 /* Project object */;
}
